// !$*UTF8*$!
{
	archiveVersion = 1;
	classes = {
	};
	objectVersion = 56;
	objects = {

/* Begin PBXBuildFile section */
		A37FA4152986A6E7005220B8 /* AppDelegate.swift in Sources */ = {isa = PBXBuildFile; fileRef = A37FA4142986A6E7005220B8 /* AppDelegate.swift */; };
		A37FA4172986A6E7005220B8 /* SceneDelegate.swift in Sources */ = {isa = PBXBuildFile; fileRef = A37FA4162986A6E7005220B8 /* SceneDelegate.swift */; };
		A37FA4192986A6E7005220B8 /* LoginViewController.swift in Sources */ = {isa = PBXBuildFile; fileRef = A37FA4182986A6E7005220B8 /* LoginViewController.swift */; };
		A37FA41C2986A6E7005220B8 /* Main.storyboard in Resources */ = {isa = PBXBuildFile; fileRef = A37FA41A2986A6E7005220B8 /* Main.storyboard */; };
		A37FA41E2986A6E9005220B8 /* Assets.xcassets in Resources */ = {isa = PBXBuildFile; fileRef = A37FA41D2986A6E9005220B8 /* Assets.xcassets */; };
		A37FA4212986A6E9005220B8 /* LaunchScreen.storyboard in Resources */ = {isa = PBXBuildFile; fileRef = A37FA41F2986A6E9005220B8 /* LaunchScreen.storyboard */; };
		A37FA4292986AECA005220B8 /* TasksViewController.swift in Sources */ = {isa = PBXBuildFile; fileRef = A37FA4282986AECA005220B8 /* TasksViewController.swift */; };
		A37FA42D2986B539005220B8 /* GoogleService-Info.plist in Resources */ = {isa = PBXBuildFile; fileRef = A37FA42C2986B539005220B8 /* GoogleService-Info.plist */; };
		A37FA4302986B613005220B8 /* FirebaseAnalytics in Frameworks */ = {isa = PBXBuildFile; productRef = A37FA42F2986B613005220B8 /* FirebaseAnalytics */; };
		A37FA4322986B613005220B8 /* FirebaseAuth in Frameworks */ = {isa = PBXBuildFile; productRef = A37FA4312986B613005220B8 /* FirebaseAuth */; };
		A37FA4342986B613005220B8 /* FirebaseDatabase in Frameworks */ = {isa = PBXBuildFile; productRef = A37FA4332986B613005220B8 /* FirebaseDatabase */; };
		A37FA4572988363A005220B8 /* Task.swift in Sources */ = {isa = PBXBuildFile; fileRef = A37FA4562988363A005220B8 /* Task.swift */; };
		A37FA45929883640005220B8 /* User.swift in Sources */ = {isa = PBXBuildFile; fileRef = A37FA45829883640005220B8 /* User.swift */; };
/* End PBXBuildFile section */

/* Begin PBXFileReference section */
		A37FA4112986A6E7005220B8 /* ToDoListFirebase.app */ = {isa = PBXFileReference; explicitFileType = wrapper.application; includeInIndex = 0; path = ToDoListFirebase.app; sourceTree = BUILT_PRODUCTS_DIR; };
		A37FA4142986A6E7005220B8 /* AppDelegate.swift */ = {isa = PBXFileReference; lastKnownFileType = sourcecode.swift; path = AppDelegate.swift; sourceTree = "<group>"; };
		A37FA4162986A6E7005220B8 /* SceneDelegate.swift */ = {isa = PBXFileReference; lastKnownFileType = sourcecode.swift; path = SceneDelegate.swift; sourceTree = "<group>"; };
		A37FA4182986A6E7005220B8 /* LoginViewController.swift */ = {isa = PBXFileReference; lastKnownFileType = sourcecode.swift; path = LoginViewController.swift; sourceTree = "<group>"; };
		A37FA41B2986A6E7005220B8 /* Base */ = {isa = PBXFileReference; lastKnownFileType = file.storyboard; name = Base; path = Base.lproj/Main.storyboard; sourceTree = "<group>"; };
		A37FA41D2986A6E9005220B8 /* Assets.xcassets */ = {isa = PBXFileReference; lastKnownFileType = folder.assetcatalog; path = Assets.xcassets; sourceTree = "<group>"; };
		A37FA4202986A6E9005220B8 /* Base */ = {isa = PBXFileReference; lastKnownFileType = file.storyboard; name = Base; path = Base.lproj/LaunchScreen.storyboard; sourceTree = "<group>"; };
		A37FA4222986A6E9005220B8 /* Info.plist */ = {isa = PBXFileReference; lastKnownFileType = text.plist.xml; path = Info.plist; sourceTree = "<group>"; };
		A37FA4282986AECA005220B8 /* TasksViewController.swift */ = {isa = PBXFileReference; lastKnownFileType = sourcecode.swift; path = TasksViewController.swift; sourceTree = "<group>"; };
		A37FA42C2986B539005220B8 /* GoogleService-Info.plist */ = {isa = PBXFileReference; fileEncoding = 4; lastKnownFileType = text.plist.xml; path = "GoogleService-Info.plist"; sourceTree = "<group>"; };
		A37FA4562988363A005220B8 /* Task.swift */ = {isa = PBXFileReference; lastKnownFileType = sourcecode.swift; path = Task.swift; sourceTree = "<group>"; };
		A37FA45829883640005220B8 /* User.swift */ = {isa = PBXFileReference; lastKnownFileType = sourcecode.swift; path = User.swift; sourceTree = "<group>"; };
/* End PBXFileReference section */

/* Begin PBXFrameworksBuildPhase section */
		A37FA40E2986A6E7005220B8 /* Frameworks */ = {
			isa = PBXFrameworksBuildPhase;
			buildActionMask = 2147483647;
			files = (
				A37FA4342986B613005220B8 /* FirebaseDatabase in Frameworks */,
				A37FA4302986B613005220B8 /* FirebaseAnalytics in Frameworks */,
				A37FA4322986B613005220B8 /* FirebaseAuth in Frameworks */,
			);
			runOnlyForDeploymentPostprocessing = 0;
		};
/* End PBXFrameworksBuildPhase section */

/* Begin PBXGroup section */
		A37FA4082986A6E7005220B8 = {
			isa = PBXGroup;
			children = (
				A37FA4132986A6E7005220B8 /* ToDoListFirebase */,
				A37FA4122986A6E7005220B8 /* Products */,
			);
			sourceTree = "<group>";
		};
		A37FA4122986A6E7005220B8 /* Products */ = {
			isa = PBXGroup;
			children = (
				A37FA4112986A6E7005220B8 /* ToDoListFirebase.app */,
			);
			name = Products;
			sourceTree = "<group>";
		};
		A37FA4132986A6E7005220B8 /* ToDoListFirebase */ = {
			isa = PBXGroup;
			children = (
				A37FA45529883629005220B8 /* Models */,
				A37FA42B2986AF05005220B8 /* Controllers */,
				A37FA42A2986AEFA005220B8 /* Supporting files */,
			);
			path = ToDoListFirebase;
			sourceTree = "<group>";
		};
		A37FA42A2986AEFA005220B8 /* Supporting files */ = {
			isa = PBXGroup;
			children = (
				A37FA4142986A6E7005220B8 /* AppDelegate.swift */,
				A37FA4162986A6E7005220B8 /* SceneDelegate.swift */,
				A37FA41A2986A6E7005220B8 /* Main.storyboard */,
				A37FA41D2986A6E9005220B8 /* Assets.xcassets */,
				A37FA41F2986A6E9005220B8 /* LaunchScreen.storyboard */,
				A37FA4222986A6E9005220B8 /* Info.plist */,
				A37FA42C2986B539005220B8 /* GoogleService-Info.plist */,
			);
			path = "Supporting files";
			sourceTree = "<group>";
		};
		A37FA42B2986AF05005220B8 /* Controllers */ = {
			isa = PBXGroup;
			children = (
				A37FA4182986A6E7005220B8 /* LoginViewController.swift */,
				A37FA4282986AECA005220B8 /* TasksViewController.swift */,
			);
			path = Controllers;
			sourceTree = "<group>";
		};
		A37FA45529883629005220B8 /* Models */ = {
			isa = PBXGroup;
			children = (
				A37FA4562988363A005220B8 /* Task.swift */,
				A37FA45829883640005220B8 /* User.swift */,
			);
			path = Models;
			sourceTree = "<group>";
		};
/* End PBXGroup section */

/* Begin PBXNativeTarget section */
		A37FA4102986A6E7005220B8 /* ToDoListFirebase */ = {
			isa = PBXNativeTarget;
			buildConfigurationList = A37FA4252986A6E9005220B8 /* Build configuration list for PBXNativeTarget "ToDoListFirebase" */;
			buildPhases = (
				A37FA40D2986A6E7005220B8 /* Sources */,
				A37FA40E2986A6E7005220B8 /* Frameworks */,
				A37FA40F2986A6E7005220B8 /* Resources */,
			);
			buildRules = (
			);
			dependencies = (
			);
			name = ToDoListFirebase;
			packageProductDependencies = (
				A37FA42F2986B613005220B8 /* FirebaseAnalytics */,
				A37FA4312986B613005220B8 /* FirebaseAuth */,
				A37FA4332986B613005220B8 /* FirebaseDatabase */,
			);
			productName = ToDoListFirebase;
			productReference = A37FA4112986A6E7005220B8 /* ToDoListFirebase.app */;
			productType = "com.apple.product-type.application";
		};
/* End PBXNativeTarget section */

/* Begin PBXProject section */
		A37FA4092986A6E7005220B8 /* Project object */ = {
			isa = PBXProject;
			attributes = {
				BuildIndependentTargetsInParallel = 1;
				LastSwiftUpdateCheck = 1420;
				LastUpgradeCheck = 1420;
				TargetAttributes = {
					A37FA4102986A6E7005220B8 = {
						CreatedOnToolsVersion = 14.2;
					};
				};
			};
			buildConfigurationList = A37FA40C2986A6E7005220B8 /* Build configuration list for PBXProject "ToDoListFirebase" */;
			compatibilityVersion = "Xcode 14.0";
			developmentRegion = en;
			hasScannedForEncodings = 0;
			knownRegions = (
				en,
				Base,
			);
			mainGroup = A37FA4082986A6E7005220B8;
			packageReferences = (
				A37FA42E2986B613005220B8 /* XCRemoteSwiftPackageReference "firebase-ios-sdk" */,
			);
			productRefGroup = A37FA4122986A6E7005220B8 /* Products */;
			projectDirPath = "";
			projectRoot = "";
			targets = (
				A37FA4102986A6E7005220B8 /* ToDoListFirebase */,
			);
		};
/* End PBXProject section */

/* Begin PBXResourcesBuildPhase section */
		A37FA40F2986A6E7005220B8 /* Resources */ = {
			isa = PBXResourcesBuildPhase;
			buildActionMask = 2147483647;
			files = (
				A37FA4212986A6E9005220B8 /* LaunchScreen.storyboard in Resources */,
				A37FA42D2986B539005220B8 /* GoogleService-Info.plist in Resources */,
				A37FA41E2986A6E9005220B8 /* Assets.xcassets in Resources */,
				A37FA41C2986A6E7005220B8 /* Main.storyboard in Resources */,
			);
			runOnlyForDeploymentPostprocessing = 0;
		};
/* End PBXResourcesBuildPhase section */

/* Begin PBXSourcesBuildPhase section */
		A37FA40D2986A6E7005220B8 /* Sources */ = {
			isa = PBXSourcesBuildPhase;
			buildActionMask = 2147483647;
			files = (
				A37FA4192986A6E7005220B8 /* LoginViewController.swift in Sources */,
				A37FA4292986AECA005220B8 /* TasksViewController.swift in Sources */,
				A37FA45929883640005220B8 /* User.swift in Sources */,
				A37FA4572988363A005220B8 /* Task.swift in Sources */,
				A37FA4152986A6E7005220B8 /* AppDelegate.swift in Sources */,
				A37FA4172986A6E7005220B8 /* SceneDelegate.swift in Sources */,
			);
			runOnlyForDeploymentPostprocessing = 0;
		};
/* End PBXSourcesBuildPhase section */

/* Begin PBXVariantGroup section */
		A37FA41A2986A6E7005220B8 /* Main.storyboard */ = {
			isa = PBXVariantGroup;
			children = (
				A37FA41B2986A6E7005220B8 /* Base */,
			);
			name = Main.storyboard;
			sourceTree = "<group>";
		};
		A37FA41F2986A6E9005220B8 /* LaunchScreen.storyboard */ = {
			isa = PBXVariantGroup;
			children = (
				A37FA4202986A6E9005220B8 /* Base */,
			);
			name = LaunchScreen.storyboard;
			sourceTree = "<group>";
		};
/* End PBXVariantGroup section */

/* Begin XCBuildConfiguration section */
		A37FA4232986A6E9005220B8 /* Debug */ = {
			isa = XCBuildConfiguration;
			buildSettings = {
				ALWAYS_SEARCH_USER_PATHS = NO;
				CLANG_ANALYZER_NONNULL = YES;
				CLANG_ANALYZER_NUMBER_OBJECT_CONVERSION = YES_AGGRESSIVE;
				CLANG_CXX_LANGUAGE_STANDARD = "gnu++20";
				CLANG_ENABLE_MODULES = YES;
				CLANG_ENABLE_OBJC_ARC = YES;
				CLANG_ENABLE_OBJC_WEAK = YES;
				CLANG_WARN_BLOCK_CAPTURE_AUTORELEASING = YES;
				CLANG_WARN_BOOL_CONVERSION = YES;
				CLANG_WARN_COMMA = YES;
				CLANG_WARN_CONSTANT_CONVERSION = YES;
				CLANG_WARN_DEPRECATED_OBJC_IMPLEMENTATIONS = YES;
				CLANG_WARN_DIRECT_OBJC_ISA_USAGE = YES_ERROR;
				CLANG_WARN_DOCUMENTATION_COMMENTS = YES;
				CLANG_WARN_EMPTY_BODY = YES;
				CLANG_WARN_ENUM_CONVERSION = YES;
				CLANG_WARN_INFINITE_RECURSION = YES;
				CLANG_WARN_INT_CONVERSION = YES;
				CLANG_WARN_NON_LITERAL_NULL_CONVERSION = YES;
				CLANG_WARN_OBJC_IMPLICIT_RETAIN_SELF = YES;
				CLANG_WARN_OBJC_LITERAL_CONVERSION = YES;
				CLANG_WARN_OBJC_ROOT_CLASS = YES_ERROR;
				CLANG_WARN_QUOTED_INCLUDE_IN_FRAMEWORK_HEADER = YES;
				CLANG_WARN_RANGE_LOOP_ANALYSIS = YES;
				CLANG_WARN_STRICT_PROTOTYPES = YES;
				CLANG_WARN_SUSPICIOUS_MOVE = YES;
				CLANG_WARN_UNGUARDED_AVAILABILITY = YES_AGGRESSIVE;
				CLANG_WARN_UNREACHABLE_CODE = YES;
				CLANG_WARN__DUPLICATE_METHOD_MATCH = YES;
				COPY_PHASE_STRIP = NO;
				DEBUG_INFORMATION_FORMAT = dwarf;
				ENABLE_STRICT_OBJC_MSGSEND = YES;
				ENABLE_TESTABILITY = YES;
				GCC_C_LANGUAGE_STANDARD = gnu11;
				GCC_DYNAMIC_NO_PIC = NO;
				GCC_NO_COMMON_BLOCKS = YES;
				GCC_OPTIMIZATION_LEVEL = 0;
				GCC_PREPROCESSOR_DEFINITIONS = (
					"DEBUG=1",
					"$(inherited)",
				);
				GCC_WARN_64_TO_32_BIT_CONVERSION = YES;
				GCC_WARN_ABOUT_RETURN_TYPE = YES_ERROR;
				GCC_WARN_UNDECLARED_SELECTOR = YES;
				GCC_WARN_UNINITIALIZED_AUTOS = YES_AGGRESSIVE;
				GCC_WARN_UNUSED_FUNCTION = YES;
				GCC_WARN_UNUSED_VARIABLE = YES;
				IPHONEOS_DEPLOYMENT_TARGET = 16.2;
				MTL_ENABLE_DEBUG_INFO = INCLUDE_SOURCE;
				MTL_FAST_MATH = YES;
				ONLY_ACTIVE_ARCH = YES;
				SDKROOT = iphoneos;
				SWIFT_ACTIVE_COMPILATION_CONDITIONS = DEBUG;
				SWIFT_OPTIMIZATION_LEVEL = "-Onone";
			};
			name = Debug;
		};
		A37FA4242986A6E9005220B8 /* Release */ = {
			isa = XCBuildConfiguration;
			buildSettings = {
				ALWAYS_SEARCH_USER_PATHS = NO;
				CLANG_ANALYZER_NONNULL = YES;
				CLANG_ANALYZER_NUMBER_OBJECT_CONVERSION = YES_AGGRESSIVE;
				CLANG_CXX_LANGUAGE_STANDARD = "gnu++20";
				CLANG_ENABLE_MODULES = YES;
				CLANG_ENABLE_OBJC_ARC = YES;
				CLANG_ENABLE_OBJC_WEAK = YES;
				CLANG_WARN_BLOCK_CAPTURE_AUTORELEASING = YES;
				CLANG_WARN_BOOL_CONVERSION = YES;
				CLANG_WARN_COMMA = YES;
				CLANG_WARN_CONSTANT_CONVERSION = YES;
				CLANG_WARN_DEPRECATED_OBJC_IMPLEMENTATIONS = YES;
				CLANG_WARN_DIRECT_OBJC_ISA_USAGE = YES_ERROR;
				CLANG_WARN_DOCUMENTATION_COMMENTS = YES;
				CLANG_WARN_EMPTY_BODY = YES;
				CLANG_WARN_ENUM_CONVERSION = YES;
				CLANG_WARN_INFINITE_RECURSION = YES;
				CLANG_WARN_INT_CONVERSION = YES;
				CLANG_WARN_NON_LITERAL_NULL_CONVERSION = YES;
				CLANG_WARN_OBJC_IMPLICIT_RETAIN_SELF = YES;
				CLANG_WARN_OBJC_LITERAL_CONVERSION = YES;
				CLANG_WARN_OBJC_ROOT_CLASS = YES_ERROR;
				CLANG_WARN_QUOTED_INCLUDE_IN_FRAMEWORK_HEADER = YES;
				CLANG_WARN_RANGE_LOOP_ANALYSIS = YES;
				CLANG_WARN_STRICT_PROTOTYPES = YES;
				CLANG_WARN_SUSPICIOUS_MOVE = YES;
				CLANG_WARN_UNGUARDED_AVAILABILITY = YES_AGGRESSIVE;
				CLANG_WARN_UNREACHABLE_CODE = YES;
				CLANG_WARN__DUPLICATE_METHOD_MATCH = YES;
				COPY_PHASE_STRIP = NO;
				DEBUG_INFORMATION_FORMAT = "dwarf-with-dsym";
				ENABLE_NS_ASSERTIONS = NO;
				ENABLE_STRICT_OBJC_MSGSEND = YES;
				GCC_C_LANGUAGE_STANDARD = gnu11;
				GCC_NO_COMMON_BLOCKS = YES;
				GCC_WARN_64_TO_32_BIT_CONVERSION = YES;
				GCC_WARN_ABOUT_RETURN_TYPE = YES_ERROR;
				GCC_WARN_UNDECLARED_SELECTOR = YES;
				GCC_WARN_UNINITIALIZED_AUTOS = YES_AGGRESSIVE;
				GCC_WARN_UNUSED_FUNCTION = YES;
				GCC_WARN_UNUSED_VARIABLE = YES;
				IPHONEOS_DEPLOYMENT_TARGET = 16.2;
				MTL_ENABLE_DEBUG_INFO = NO;
				MTL_FAST_MATH = YES;
				SDKROOT = iphoneos;
				SWIFT_COMPILATION_MODE = wholemodule;
				SWIFT_OPTIMIZATION_LEVEL = "-O";
				VALIDATE_PRODUCT = YES;
			};
			name = Release;
		};
		A37FA4262986A6E9005220B8 /* Debug */ = {
			isa = XCBuildConfiguration;
			buildSettings = {
				ASSETCATALOG_COMPILER_APPICON_NAME = AppIcon;
				ASSETCATALOG_COMPILER_GLOBAL_ACCENT_COLOR_NAME = AccentColor;
				CODE_SIGN_STYLE = Automatic;
				CURRENT_PROJECT_VERSION = 1;
				DEVELOPMENT_TEAM = WK59LLD9VR;
				GENERATE_INFOPLIST_FILE = YES;
				INFOPLIST_FILE = "ToDoListFirebase/Supporting files/Info.plist";
				INFOPLIST_KEY_UIApplicationSupportsIndirectInputEvents = YES;
				INFOPLIST_KEY_UILaunchStoryboardName = LaunchScreen;
				INFOPLIST_KEY_UIMainStoryboardFile = Main;
				INFOPLIST_KEY_UISupportedInterfaceOrientations_iPad = "UIInterfaceOrientationPortrait UIInterfaceOrientationPortraitUpsideDown UIInterfaceOrientationLandscapeLeft UIInterfaceOrientationLandscapeRight";
				INFOPLIST_KEY_UISupportedInterfaceOrientations_iPhone = "UIInterfaceOrientationPortrait UIInterfaceOrientationLandscapeLeft UIInterfaceOrientationLandscapeRight";
				LD_RUNPATH_SEARCH_PATHS = (
					"$(inherited)",
					"@executable_path/Frameworks",
				);
				MARKETING_VERSION = 1.0;
				PRODUCT_BUNDLE_IDENTIFIER = com.alexanderpolischuk.ToDoListFirebase;
				PRODUCT_NAME = "$(TARGET_NAME)";
				SWIFT_EMIT_LOC_STRINGS = YES;
				SWIFT_VERSION = 5.0;
				TARGETED_DEVICE_FAMILY = "1,2";
			};
			name = Debug;
		};
		A37FA4272986A6E9005220B8 /* Release */ = {
			isa = XCBuildConfiguration;
			buildSettings = {
				ASSETCATALOG_COMPILER_APPICON_NAME = AppIcon;
				ASSETCATALOG_COMPILER_GLOBAL_ACCENT_COLOR_NAME = AccentColor;
				CODE_SIGN_STYLE = Automatic;
				CURRENT_PROJECT_VERSION = 1;
				DEVELOPMENT_TEAM = WK59LLD9VR;
				GENERATE_INFOPLIST_FILE = YES;
				INFOPLIST_FILE = "ToDoListFirebase/Supporting files/Info.plist";
				INFOPLIST_KEY_UIApplicationSupportsIndirectInputEvents = YES;
				INFOPLIST_KEY_UILaunchStoryboardName = LaunchScreen;
				INFOPLIST_KEY_UIMainStoryboardFile = Main;
				INFOPLIST_KEY_UISupportedInterfaceOrientations_iPad = "UIInterfaceOrientationPortrait UIInterfaceOrientationPortraitUpsideDown UIInterfaceOrientationLandscapeLeft UIInterfaceOrientationLandscapeRight";
				INFOPLIST_KEY_UISupportedInterfaceOrientations_iPhone = "UIInterfaceOrientationPortrait UIInterfaceOrientationLandscapeLeft UIInterfaceOrientationLandscapeRight";
				LD_RUNPATH_SEARCH_PATHS = (
					"$(inherited)",
					"@executable_path/Frameworks",
				);
				MARKETING_VERSION = 1.0;
				PRODUCT_BUNDLE_IDENTIFIER = com.alexanderpolischuk.ToDoListFirebase;
				PRODUCT_NAME = "$(TARGET_NAME)";
				SWIFT_EMIT_LOC_STRINGS = YES;
				SWIFT_VERSION = 5.0;
				TARGETED_DEVICE_FAMILY = "1,2";
			};
			name = Release;
		};
/* End XCBuildConfiguration section */

/* Begin XCConfigurationList section */
		A37FA40C2986A6E7005220B8 /* Build configuration list for PBXProject "ToDoListFirebase" */ = {
			isa = XCConfigurationList;
			buildConfigurations = (
				A37FA4232986A6E9005220B8 /* Debug */,
				A37FA4242986A6E9005220B8 /* Release */,
			);
			defaultConfigurationIsVisible = 0;
			defaultConfigurationName = Release;
		};
		A37FA4252986A6E9005220B8 /* Build configuration list for PBXNativeTarget "ToDoListFirebase" */ = {
			isa = XCConfigurationList;
			buildConfigurations = (
				A37FA4262986A6E9005220B8 /* Debug */,
				A37FA4272986A6E9005220B8 /* Release */,
			);
			defaultConfigurationIsVisible = 0;
			defaultConfigurationName = Release;
		};
/* End XCConfigurationList section */

/* Begin XCRemoteSwiftPackageReference section */
		A37FA42E2986B613005220B8 /* XCRemoteSwiftPackageReference "firebase-ios-sdk" */ = {
			isa = XCRemoteSwiftPackageReference;
			repositoryURL = "https://github.com/firebase/firebase-ios-sdk";
			requirement = {
				kind = upToNextMajorVersion;
				minimumVersion = 9.0.0;
			};
		};
/* End XCRemoteSwiftPackageReference section */

/* Begin XCSwiftPackageProductDependency section */
		A37FA42F2986B613005220B8 /* FirebaseAnalytics */ = {
			isa = XCSwiftPackageProductDependency;
			package = A37FA42E2986B613005220B8 /* XCRemoteSwiftPackageReference "firebase-ios-sdk" */;
			productName = FirebaseAnalytics;
		};
		A37FA4312986B613005220B8 /* FirebaseAuth */ = {
			isa = XCSwiftPackageProductDependency;
			package = A37FA42E2986B613005220B8 /* XCRemoteSwiftPackageReference "firebase-ios-sdk" */;
			productName = FirebaseAuth;
		};
		A37FA4332986B613005220B8 /* FirebaseDatabase */ = {
			isa = XCSwiftPackageProductDependency;
			package = A37FA42E2986B613005220B8 /* XCRemoteSwiftPackageReference "firebase-ios-sdk" */;
			productName = FirebaseDatabase;
		};
/* End XCSwiftPackageProductDependency section */
	};
	rootObject = A37FA4092986A6E7005220B8 /* Project object */;
}
